<?xml version="1.0" encoding="UTF-8" standalone="yes" ?>
<CodeBlocks_project_file>
	<FileVersion major="1" minor="6" />
	<Project>
		<Option title="QMG2" />
		<Option pch_mode="2" />
		<Option compiler="gcc" />
		<Build>
			<Target title="Debug">
				<Option output="bin/Debug/QMG2" prefix_auto="1" extension_auto="1" />
				<Option object_output="obj/Debug/" />
				<Option type="1" />
				<Option compiler="gcc" />
				<Compiler>
					<Add option="-g" />
				</Compiler>
			</Target>
			<Target title="Release">
				<Option output="bin/Release/QMG2" prefix_auto="1" extension_auto="1" />
				<Option object_output="obj/Release/" />
				<Option type="1" />
				<Option compiler="gcc" />
				<Compiler>
					<Add option="-O2" />
				</Compiler>
				<Linker>
					<Add option="-s" />
				</Linker>
			</Target>
		</Build>
		<Compiler>
			<Add option="-Wall" />
			<Add option="-std=c99" />
			<Add option="-g" />
			<Add directory="libraries/GLEW_2.1.0/include" />
			<Add directory="libraries/GLFW_3.2.1/include" />
			<Add directory="libraries/FFTW_3.3.5/include" />
		</Compiler>
		<Linker>
			<Add library="glew32s" />
			<Add library="libglfw3.a" />
			<Add library="opengl32" />
			<Add library="gdi32" />
			<Add library="libfftw3-3" />
			<Add directory="libraries/GLEW_2.1.0/lib_mingw_32" />
			<Add directory="libraries/GLFW_3.2.1/lib_mingw_32" />
			<Add directory="libraries/FFTW_3.3.5/lib_mingw_32" />
		</Linker>
		<Unit filename="main.c">
			<Option compilerVar="CC" />
		</Unit>
		<Unit filename="main.h" />
		<Unit filename="res/shaders/fragment.glsl" />
		<Unit filename="res/shaders/vertex.glsl" />
		<Extensions>
			<code_completion />
			<envvars />
			<debugger />
			<lib_finder disable_auto="1" />
		</Extensions>
	</Project>
</CodeBlocks_project_file>
